
Microsoft Visual Studio Solution File, Format Version 10.00
# Visual C++ Express 2008
Project("{8BC9CEB8-8B4A-11D0-8D11-00A0C91BC942}") = "Engine", "Engine\Engine.vcproj", "{371E1D2B-9E20-473A-9F6A-490FE49D4604}"
EndProject
Project("{8BC9CEB8-8B4A-11D0-8D11-00A0C91BC942}") = "UberSample", "..\Samples\UberSample\UberSample.vcproj", "{65F6C9CD-7BDD-46F3-A702-A149311FCE80}"
	ProjectSection(ProjectDependencies) = postProject
		{371E1D2B-9E20-473A-9F6A-490FE49D4604} = {371E1D2B-9E20-473A-9F6A-490FE49D4604}
	EndProjectSection
EndProject
Project("{8BC9CEB8-8B4A-11D0-8D11-00A0C91BC942}") = "UnitTests", "..\Samples\UnitTests\UnitTests.vcproj", "{108EFF3D-88EC-4984-AE74-B02FC3D172D8}"
	ProjectSection(ProjectDependencies) = postProject
		{371E1D2B-9E20-473A-9F6A-490FE49D4604} = {371E1D2B-9E20-473A-9F6A-490FE49D4604}
	EndProjectSection
EndProject
Project("{8BC9CEB8-8B4A-11D0-8D11-00A0C91BC942}") = "App", "..\App\VS2008\App.vcproj", "{DB6D3C8A-D716-484E-B00C-DF339BA48F49}"
	ProjectSection(ProjectDependencies) = postProject
		{371E1D2B-9E20-473A-9F6A-490FE49D4604} = {371E1D2B-9E20-473A-9F6A-490FE49D4604}
	EndProjectSection
EndProject
Global
	GlobalSection(SolutionConfigurationPlatforms) = preSolution
		DebugD3D11|Win32 = DebugD3D11|Win32
		DebugD3D9|Win32 = DebugD3D9|Win32
		DebugGL|Win32 = DebugGL|Win32
		DebugGLES|Win32 = DebugGLES|Win32
		Final|Win32 = Final|Win32
		FinalDemo|Win32 = FinalDemo|Win32
		Release|Win32 = Release|Win32
	EndGlobalSection
	GlobalSection(ProjectConfigurationPlatforms) = postSolution
		{371E1D2B-9E20-473A-9F6A-490FE49D4604}.DebugD3D11|Win32.ActiveCfg = DebugD3D11|Win32
		{371E1D2B-9E20-473A-9F6A-490FE49D4604}.DebugD3D11|Win32.Build.0 = DebugD3D11|Win32
		{371E1D2B-9E20-473A-9F6A-490FE49D4604}.DebugD3D9|Win32.ActiveCfg = DebugD3D9|Win32
		{371E1D2B-9E20-473A-9F6A-490FE49D4604}.DebugD3D9|Win32.Build.0 = DebugD3D9|Win32
		{371E1D2B-9E20-473A-9F6A-490FE49D4604}.DebugGL|Win32.ActiveCfg = DebugGL|Win32
		{371E1D2B-9E20-473A-9F6A-490FE49D4604}.DebugGL|Win32.Build.0 = DebugGL|Win32
		{371E1D2B-9E20-473A-9F6A-490FE49D4604}.DebugGLES|Win32.ActiveCfg = DebugGLES|Win32
		{371E1D2B-9E20-473A-9F6A-490FE49D4604}.DebugGLES|Win32.Build.0 = DebugGLES|Win32
		{371E1D2B-9E20-473A-9F6A-490FE49D4604}.Final|Win32.ActiveCfg = Final|Win32
		{371E1D2B-9E20-473A-9F6A-490FE49D4604}.Final|Win32.Build.0 = Final|Win32
		{371E1D2B-9E20-473A-9F6A-490FE49D4604}.FinalDemo|Win32.ActiveCfg = Final|Win32
		{371E1D2B-9E20-473A-9F6A-490FE49D4604}.FinalDemo|Win32.Build.0 = Final|Win32
		{371E1D2B-9E20-473A-9F6A-490FE49D4604}.Release|Win32.ActiveCfg = Release|Win32
		{371E1D2B-9E20-473A-9F6A-490FE49D4604}.Release|Win32.Build.0 = Release|Win32
		{65F6C9CD-7BDD-46F3-A702-A149311FCE80}.DebugD3D11|Win32.ActiveCfg = DebugD3D11|Win32
		{65F6C9CD-7BDD-46F3-A702-A149311FCE80}.DebugD3D11|Win32.Build.0 = DebugD3D11|Win32
		{65F6C9CD-7BDD-46F3-A702-A149311FCE80}.DebugD3D9|Win32.ActiveCfg = DebugD3D9|Win32
		{65F6C9CD-7BDD-46F3-A702-A149311FCE80}.DebugD3D9|Win32.Build.0 = DebugD3D9|Win32
		{65F6C9CD-7BDD-46F3-A702-A149311FCE80}.DebugGL|Win32.ActiveCfg = DebugGL|Win32
		{65F6C9CD-7BDD-46F3-A702-A149311FCE80}.DebugGL|Win32.Build.0 = DebugGL|Win32
		{65F6C9CD-7BDD-46F3-A702-A149311FCE80}.DebugGLES|Win32.ActiveCfg = DebugGLES|Win32
		{65F6C9CD-7BDD-46F3-A702-A149311FCE80}.DebugGLES|Win32.Build.0 = DebugGLES|Win32
		{65F6C9CD-7BDD-46F3-A702-A149311FCE80}.Final|Win32.ActiveCfg = Release|Win32
		{65F6C9CD-7BDD-46F3-A702-A149311FCE80}.Final|Win32.Build.0 = Release|Win32
		{65F6C9CD-7BDD-46F3-A702-A149311FCE80}.FinalDemo|Win32.ActiveCfg = Release|Win32
		{65F6C9CD-7BDD-46F3-A702-A149311FCE80}.FinalDemo|Win32.Build.0 = Release|Win32
		{65F6C9CD-7BDD-46F3-A702-A149311FCE80}.Release|Win32.ActiveCfg = Release|Win32
		{65F6C9CD-7BDD-46F3-A702-A149311FCE80}.Release|Win32.Build.0 = Release|Win32
		{108EFF3D-88EC-4984-AE74-B02FC3D172D8}.DebugD3D11|Win32.ActiveCfg = DebugD3D11|Win32
		{108EFF3D-88EC-4984-AE74-B02FC3D172D8}.DebugD3D11|Win32.Build.0 = DebugD3D11|Win32
		{108EFF3D-88EC-4984-AE74-B02FC3D172D8}.DebugD3D9|Win32.ActiveCfg = DebugD3D9|Win32
		{108EFF3D-88EC-4984-AE74-B02FC3D172D8}.DebugD3D9|Win32.Build.0 = DebugD3D9|Win32
		{108EFF3D-88EC-4984-AE74-B02FC3D172D8}.DebugGL|Win32.ActiveCfg = DebugGL|Win32
		{108EFF3D-88EC-4984-AE74-B02FC3D172D8}.DebugGL|Win32.Build.0 = DebugGL|Win32
		{108EFF3D-88EC-4984-AE74-B02FC3D172D8}.DebugGLES|Win32.ActiveCfg = DebugGLES|Win32
		{108EFF3D-88EC-4984-AE74-B02FC3D172D8}.DebugGLES|Win32.Build.0 = DebugGLES|Win32
		{108EFF3D-88EC-4984-AE74-B02FC3D172D8}.Final|Win32.ActiveCfg = Release|Win32
		{108EFF3D-88EC-4984-AE74-B02FC3D172D8}.Final|Win32.Build.0 = Release|Win32
		{108EFF3D-88EC-4984-AE74-B02FC3D172D8}.FinalDemo|Win32.ActiveCfg = Release|Win32
		{108EFF3D-88EC-4984-AE74-B02FC3D172D8}.FinalDemo|Win32.Build.0 = Release|Win32
		{108EFF3D-88EC-4984-AE74-B02FC3D172D8}.Release|Win32.ActiveCfg = Release|Win32
		{108EFF3D-88EC-4984-AE74-B02FC3D172D8}.Release|Win32.Build.0 = Release|Win32
		{DB6D3C8A-D716-484E-B00C-DF339BA48F49}.DebugD3D11|Win32.ActiveCfg = DebugD3D11|Win32
		{DB6D3C8A-D716-484E-B00C-DF339BA48F49}.DebugD3D11|Win32.Build.0 = DebugD3D11|Win32
		{DB6D3C8A-D716-484E-B00C-DF339BA48F49}.DebugD3D9|Win32.ActiveCfg = DebugD3D9|Win32
		{DB6D3C8A-D716-484E-B00C-DF339BA48F49}.DebugD3D9|Win32.Build.0 = DebugD3D9|Win32
		{DB6D3C8A-D716-484E-B00C-DF339BA48F49}.DebugGL|Win32.ActiveCfg = DebugGL|Win32
		{DB6D3C8A-D716-484E-B00C-DF339BA48F49}.DebugGL|Win32.Build.0 = DebugGL|Win32
		{DB6D3C8A-D716-484E-B00C-DF339BA48F49}.DebugGLES|Win32.ActiveCfg = DebugGLES|Win32
		{DB6D3C8A-D716-484E-B00C-DF339BA48F49}.DebugGLES|Win32.Build.0 = DebugGLES|Win32
		{DB6D3C8A-D716-484E-B00C-DF339BA48F49}.Final|Win32.ActiveCfg = Release|Win32
		{DB6D3C8A-D716-484E-B00C-DF339BA48F49}.Final|Win32.Build.0 = Release|Win32
		{DB6D3C8A-D716-484E-B00C-DF339BA48F49}.FinalDemo|Win32.ActiveCfg = Release|Win32
		{DB6D3C8A-D716-484E-B00C-DF339BA48F49}.FinalDemo|Win32.Build.0 = Release|Win32
		{DB6D3C8A-D716-484E-B00C-DF339BA48F49}.Release|Win32.ActiveCfg = Release|Win32
		{DB6D3C8A-D716-484E-B00C-DF339BA48F49}.Release|Win32.Build.0 = Release|Win32
	EndGlobalSection
	GlobalSection(SolutionProperties) = preSolution
		HideSolutionNode = FALSE
	EndGlobalSection
EndGlobal
